// !$*UTF8*$!
{
	archiveVersion = 1;
	classes = {
	};
	objectVersion = 50;
	objects = {

/* Begin PBXBuildFile section */
		0A09224822674D2E002BDEBE /* WKFetchPlugin.m in Sources */ = {isa = PBXBuildFile; fileRef = 0A09224622674D2D002BDEBE /* WKFetchPlugin.m */; };
		0A7648E2232F6365006C6FFA /* wk_bridge_channel.js in Resources */ = {isa = PBXBuildFile; fileRef = 0A7648E1232F6365006C6FFA /* wk_bridge_channel.js */; };
		0A9A3965226D940600D0DF43 /* TestWKWebViewController.m in Sources */ = {isa = PBXBuildFile; fileRef = 0A9A3962226D940600D0DF43 /* TestWKWebViewController.m */; };
		0A9E4690225B2922003F6574 /* TestViewController.m in Sources */ = {isa = PBXBuildFile; fileRef = 0A9E468F225B2922003F6574 /* TestViewController.m */; };
		0AD5DDB82331EFB9007CA08B /* wk_bridge_ interface.js in Resources */ = {isa = PBXBuildFile; fileRef = 0AD5DDB72331EFB9007CA08B /* wk_bridge_ interface.js */; };
		0AEB5CA322A529FD00B13C09 /* WKCommandImpl.m in Sources */ = {isa = PBXBuildFile; fileRef = 0AEB5C8A22A529FD00B13C09 /* WKCommandImpl.m */; };
		0AEB5CA422A529FD00B13C09 /* WKWebViewHandleFactory.m in Sources */ = {isa = PBXBuildFile; fileRef = 0AEB5C8C22A529FD00B13C09 /* WKWebViewHandleFactory.m */; };
		0AEB5CA522A529FD00B13C09 /* WKWebViewDelegate.m in Sources */ = {isa = PBXBuildFile; fileRef = 0AEB5C8D22A529FD00B13C09 /* WKWebViewDelegate.m */; };
		0AEB5CA622A529FD00B13C09 /* WKBasePlugin.m in Sources */ = {isa = PBXBuildFile; fileRef = 0AEB5C8E22A529FD00B13C09 /* WKBasePlugin.m */; };
		0AEB5CA822A529FD00B13C09 /* WKWebPluginAnnotation.m in Sources */ = {isa = PBXBuildFile; fileRef = 0AEB5C9122A529FD00B13C09 /* WKWebPluginAnnotation.m */; };
		0AEB5CA922A529FD00B13C09 /* WKWebViewCookieMgr.m in Sources */ = {isa = PBXBuildFile; fileRef = 0AEB5C9222A529FD00B13C09 /* WKWebViewCookieMgr.m */; };
		0AEB5CAA22A529FD00B13C09 /* WKWebViewEngine.m in Sources */ = {isa = PBXBuildFile; fileRef = 0AEB5C9322A529FD00B13C09 /* WKWebViewEngine.m */; };
		0AEB5CAB22A529FD00B13C09 /* WKMsgCommand.m in Sources */ = {isa = PBXBuildFile; fileRef = 0AEB5C9622A529FD00B13C09 /* WKMsgCommand.m */; };
		0AEB5CAD22A529FD00B13C09 /* WKPluginResult.m in Sources */ = {isa = PBXBuildFile; fileRef = 0AEB5C9C22A529FD00B13C09 /* WKPluginResult.m */; };
		0AF64B5B2331C89400BDCB0E /* WKJSBridgeConfig.m in Sources */ = {isa = PBXBuildFile; fileRef = 0AF64B5A2331C89400BDCB0E /* WKJSBridgeConfig.m */; };
		832F7C8821B822510076D164 /* AppDelegate.m in Sources */ = {isa = PBXBuildFile; fileRef = 832F7C8721B822510076D164 /* AppDelegate.m */; };
		832F7C8B21B822510076D164 /* ViewController.m in Sources */ = {isa = PBXBuildFile; fileRef = 832F7C8A21B822510076D164 /* ViewController.m */; };
		832F7C8E21B822510076D164 /* Main.storyboard in Resources */ = {isa = PBXBuildFile; fileRef = 832F7C8C21B822510076D164 /* Main.storyboard */; };
		832F7C9021B822530076D164 /* Assets.xcassets in Resources */ = {isa = PBXBuildFile; fileRef = 832F7C8F21B822530076D164 /* Assets.xcassets */; };
		832F7C9321B822530076D164 /* LaunchScreen.storyboard in Resources */ = {isa = PBXBuildFile; fileRef = 832F7C9121B822530076D164 /* LaunchScreen.storyboard */; };
		832F7C9621B822530076D164 /* main.m in Sources */ = {isa = PBXBuildFile; fileRef = 832F7C9521B822530076D164 /* main.m */; };
		832F7CB221B8E6460076D164 /* WebKit.framework in Frameworks */ = {isa = PBXBuildFile; fileRef = 832F7CB121B8E6460076D164 /* WebKit.framework */; };
		832F7CB721B904C60076D164 /* index.html in Resources */ = {isa = PBXBuildFile; fileRef = 832F7CB621B904C50076D164 /* index.html */; };
		BAE91BDBD128B2356F07975D /* libPods-WKJavaScriptBridge-demo.a in Frameworks */ = {isa = PBXBuildFile; fileRef = E5973883F04EEF4EBBB3F713 /* libPods-WKJavaScriptBridge-demo.a */; };
/* End PBXBuildFile section */

/* Begin PBXFileReference section */
		05DB13B25C25AB5F7DA35A90 /* Pods-WKJavaScriptBridge-demo.debug.xcconfig */ = {isa = PBXFileReference; includeInIndex = 1; lastKnownFileType = text.xcconfig; name = "Pods-WKJavaScriptBridge-demo.debug.xcconfig"; path = "Target Support Files/Pods-WKJavaScriptBridge-demo/Pods-WKJavaScriptBridge-demo.debug.xcconfig"; sourceTree = "<group>"; };
		0A09224622674D2D002BDEBE /* WKFetchPlugin.m */ = {isa = PBXFileReference; fileEncoding = 4; lastKnownFileType = sourcecode.c.objc; path = WKFetchPlugin.m; sourceTree = "<group>"; };
		0A09224722674D2E002BDEBE /* WKFetchPlugin.h */ = {isa = PBXFileReference; fileEncoding = 4; lastKnownFileType = sourcecode.c.h; path = WKFetchPlugin.h; sourceTree = "<group>"; };
		0A7648E1232F6365006C6FFA /* wk_bridge_channel.js */ = {isa = PBXFileReference; fileEncoding = 4; lastKnownFileType = sourcecode.javascript; path = wk_bridge_channel.js; sourceTree = "<group>"; };
		0A9A395F226D940500D0DF43 /* TestWKWebViewController.h */ = {isa = PBXFileReference; fileEncoding = 4; lastKnownFileType = sourcecode.c.h; path = TestWKWebViewController.h; sourceTree = "<group>"; };
		0A9A3962226D940600D0DF43 /* TestWKWebViewController.m */ = {isa = PBXFileReference; fileEncoding = 4; lastKnownFileType = sourcecode.c.objc; path = TestWKWebViewController.m; sourceTree = "<group>"; };
		0A9E468E225B2922003F6574 /* TestViewController.h */ = {isa = PBXFileReference; lastKnownFileType = sourcecode.c.h; path = TestViewController.h; sourceTree = "<group>"; };
		0A9E468F225B2922003F6574 /* TestViewController.m */ = {isa = PBXFileReference; lastKnownFileType = sourcecode.c.objc; path = TestViewController.m; sourceTree = "<group>"; };
		0AD5DDB72331EFB9007CA08B /* wk_bridge_ interface.js */ = {isa = PBXFileReference; fileEncoding = 4; lastKnownFileType = sourcecode.javascript; path = "wk_bridge_ interface.js"; sourceTree = "<group>"; };
		0AEB5C8522A529FD00B13C09 /* WKJavaScriptBridgeProtocol.h */ = {isa = PBXFileReference; fileEncoding = 4; lastKnownFileType = sourcecode.c.h; path = WKJavaScriptBridgeProtocol.h; sourceTree = "<group>"; };
		0AEB5C8722A529FD00B13C09 /* WKWebViewEngine.h */ = {isa = PBXFileReference; fileEncoding = 4; lastKnownFileType = sourcecode.c.h; path = WKWebViewEngine.h; sourceTree = "<group>"; };
		0AEB5C8922A529FD00B13C09 /* WKMsgCommand.h */ = {isa = PBXFileReference; fileEncoding = 4; lastKnownFileType = sourcecode.c.h; path = WKMsgCommand.h; sourceTree = "<group>"; };
		0AEB5C8A22A529FD00B13C09 /* WKCommandImpl.m */ = {isa = PBXFileReference; fileEncoding = 4; lastKnownFileType = sourcecode.c.objc; path = WKCommandImpl.m; sourceTree = "<group>"; };
		0AEB5C8B22A529FD00B13C09 /* WKPluginResult.h */ = {isa = PBXFileReference; fileEncoding = 4; lastKnownFileType = sourcecode.c.h; path = WKPluginResult.h; sourceTree = "<group>"; };
		0AEB5C8C22A529FD00B13C09 /* WKWebViewHandleFactory.m */ = {isa = PBXFileReference; fileEncoding = 4; lastKnownFileType = sourcecode.c.objc; path = WKWebViewHandleFactory.m; sourceTree = "<group>"; };
		0AEB5C8D22A529FD00B13C09 /* WKWebViewDelegate.m */ = {isa = PBXFileReference; fileEncoding = 4; lastKnownFileType = sourcecode.c.objc; path = WKWebViewDelegate.m; sourceTree = "<group>"; };
		0AEB5C8E22A529FD00B13C09 /* WKBasePlugin.m */ = {isa = PBXFileReference; fileEncoding = 4; lastKnownFileType = sourcecode.c.objc; path = WKBasePlugin.m; sourceTree = "<group>"; };
		0AEB5C9122A529FD00B13C09 /* WKWebPluginAnnotation.m */ = {isa = PBXFileReference; fileEncoding = 4; lastKnownFileType = sourcecode.c.objc; path = WKWebPluginAnnotation.m; sourceTree = "<group>"; };
		0AEB5C9222A529FD00B13C09 /* WKWebViewCookieMgr.m */ = {isa = PBXFileReference; fileEncoding = 4; lastKnownFileType = sourcecode.c.objc; path = WKWebViewCookieMgr.m; sourceTree = "<group>"; };
		0AEB5C9322A529FD00B13C09 /* WKWebViewEngine.m */ = {isa = PBXFileReference; fileEncoding = 4; lastKnownFileType = sourcecode.c.objc; path = WKWebViewEngine.m; sourceTree = "<group>"; };
		0AEB5C9522A529FD00B13C09 /* WKCommandImpl.h */ = {isa = PBXFileReference; fileEncoding = 4; lastKnownFileType = sourcecode.c.h; path = WKCommandImpl.h; sourceTree = "<group>"; };
		0AEB5C9622A529FD00B13C09 /* WKMsgCommand.m */ = {isa = PBXFileReference; fileEncoding = 4; lastKnownFileType = sourcecode.c.objc; path = WKMsgCommand.m; sourceTree = "<group>"; };
		0AEB5C9822A529FD00B13C09 /* WKWebViewDelegate.h */ = {isa = PBXFileReference; fileEncoding = 4; lastKnownFileType = sourcecode.c.h; path = WKWebViewDelegate.h; sourceTree = "<group>"; };
		0AEB5C9922A529FD00B13C09 /* WKWebViewHandleFactory.h */ = {isa = PBXFileReference; fileEncoding = 4; lastKnownFileType = sourcecode.c.h; path = WKWebViewHandleFactory.h; sourceTree = "<group>"; };
		0AEB5C9B22A529FD00B13C09 /* WKCommandProtocol.h */ = {isa = PBXFileReference; fileEncoding = 4; lastKnownFileType = sourcecode.c.h; path = WKCommandProtocol.h; sourceTree = "<group>"; };
		0AEB5C9C22A529FD00B13C09 /* WKPluginResult.m */ = {isa = PBXFileReference; fileEncoding = 4; lastKnownFileType = sourcecode.c.objc; path = WKPluginResult.m; sourceTree = "<group>"; };
		0AEB5C9D22A529FD00B13C09 /* WKWebViewCookieMgr.h */ = {isa = PBXFileReference; fileEncoding = 4; lastKnownFileType = sourcecode.c.h; path = WKWebViewCookieMgr.h; sourceTree = "<group>"; };
		0AEB5C9E22A529FD00B13C09 /* WKWebPluginAnnotation.h */ = {isa = PBXFileReference; fileEncoding = 4; lastKnownFileType = sourcecode.c.h; path = WKWebPluginAnnotation.h; sourceTree = "<group>"; };
		0AEB5CA122A529FD00B13C09 /* WKBasePlugin.h */ = {isa = PBXFileReference; fileEncoding = 4; lastKnownFileType = sourcecode.c.h; path = WKBasePlugin.h; sourceTree = "<group>"; };
		0AF64B592331C89400BDCB0E /* WKJSBridgeConfig.h */ = {isa = PBXFileReference; lastKnownFileType = sourcecode.c.h; path = WKJSBridgeConfig.h; sourceTree = "<group>"; };
		0AF64B5A2331C89400BDCB0E /* WKJSBridgeConfig.m */ = {isa = PBXFileReference; lastKnownFileType = sourcecode.c.objc; path = WKJSBridgeConfig.m; sourceTree = "<group>"; };
		29E50CB97F5DD0FD75EBAF15 /* Pods-WKJavaScriptBridge-demo.release.xcconfig */ = {isa = PBXFileReference; includeInIndex = 1; lastKnownFileType = text.xcconfig; name = "Pods-WKJavaScriptBridge-demo.release.xcconfig"; path = "Target Support Files/Pods-WKJavaScriptBridge-demo/Pods-WKJavaScriptBridge-demo.release.xcconfig"; sourceTree = "<group>"; };
		832F7C8321B822510076D164 /* WKJavaScriptBridge-demo.app */ = {isa = PBXFileReference; explicitFileType = wrapper.application; includeInIndex = 0; path = "WKJavaScriptBridge-demo.app"; sourceTree = BUILT_PRODUCTS_DIR; };
		832F7C8621B822510076D164 /* AppDelegate.h */ = {isa = PBXFileReference; lastKnownFileType = sourcecode.c.h; path = AppDelegate.h; sourceTree = "<group>"; };
		832F7C8721B822510076D164 /* AppDelegate.m */ = {isa = PBXFileReference; lastKnownFileType = sourcecode.c.objc; path = AppDelegate.m; sourceTree = "<group>"; };
		832F7C8921B822510076D164 /* ViewController.h */ = {isa = PBXFileReference; lastKnownFileType = sourcecode.c.h; path = ViewController.h; sourceTree = "<group>"; };
		832F7C8A21B822510076D164 /* ViewController.m */ = {isa = PBXFileReference; lastKnownFileType = sourcecode.c.objc; path = ViewController.m; sourceTree = "<group>"; };
		832F7C8D21B822510076D164 /* Base */ = {isa = PBXFileReference; lastKnownFileType = file.storyboard; name = Base; path = Base.lproj/Main.storyboard; sourceTree = "<group>"; };
		832F7C8F21B822530076D164 /* Assets.xcassets */ = {isa = PBXFileReference; lastKnownFileType = folder.assetcatalog; path = Assets.xcassets; sourceTree = "<group>"; };
		832F7C9221B822530076D164 /* Base */ = {isa = PBXFileReference; lastKnownFileType = file.storyboard; name = Base; path = Base.lproj/LaunchScreen.storyboard; sourceTree = "<group>"; };
		832F7C9421B822530076D164 /* Info.plist */ = {isa = PBXFileReference; lastKnownFileType = text.plist.xml; path = Info.plist; sourceTree = "<group>"; };
		832F7C9521B822530076D164 /* main.m */ = {isa = PBXFileReference; lastKnownFileType = sourcecode.c.objc; path = main.m; sourceTree = "<group>"; };
		832F7CB121B8E6460076D164 /* WebKit.framework */ = {isa = PBXFileReference; lastKnownFileType = wrapper.framework; name = WebKit.framework; path = System/Library/Frameworks/WebKit.framework; sourceTree = SDKROOT; };
		832F7CB621B904C50076D164 /* index.html */ = {isa = PBXFileReference; fileEncoding = 4; lastKnownFileType = text.html; path = index.html; sourceTree = "<group>"; };
		E5973883F04EEF4EBBB3F713 /* libPods-WKJavaScriptBridge-demo.a */ = {isa = PBXFileReference; explicitFileType = archive.ar; includeInIndex = 0; path = "libPods-WKJavaScriptBridge-demo.a"; sourceTree = BUILT_PRODUCTS_DIR; };
/* End PBXFileReference section */

/* Begin PBXFrameworksBuildPhase section */
		832F7C8021B822510076D164 /* Frameworks */ = {
			isa = PBXFrameworksBuildPhase;
			buildActionMask = 2147483647;
			files = (
				832F7CB221B8E6460076D164 /* WebKit.framework in Frameworks */,
				BAE91BDBD128B2356F07975D /* libPods-WKJavaScriptBridge-demo.a in Frameworks */,
			);
			runOnlyForDeploymentPostprocessing = 0;
		};
/* End PBXFrameworksBuildPhase section */

/* Begin PBXGroup section */
		0AEB5C8422A529FD00B13C09 /* WKJavaScriptBridge */ = {
			isa = PBXGroup;
			children = (
				0A7648E1232F6365006C6FFA /* wk_bridge_channel.js */,
				0AEB5C8522A529FD00B13C09 /* WKJavaScriptBridgeProtocol.h */,
				0AEB5C9E22A529FD00B13C09 /* WKWebPluginAnnotation.h */,
				0AEB5C9122A529FD00B13C09 /* WKWebPluginAnnotation.m */,
				0AEB5C9922A529FD00B13C09 /* WKWebViewHandleFactory.h */,
				0AEB5C8C22A529FD00B13C09 /* WKWebViewHandleFactory.m */,
				0AEB5C9D22A529FD00B13C09 /* WKWebViewCookieMgr.h */,
				0AEB5C9222A529FD00B13C09 /* WKWebViewCookieMgr.m */,
				0AEB5C8722A529FD00B13C09 /* WKWebViewEngine.h */,
				0AEB5C9322A529FD00B13C09 /* WKWebViewEngine.m */,
				0AEB5C9822A529FD00B13C09 /* WKWebViewDelegate.h */,
				0AEB5C8D22A529FD00B13C09 /* WKWebViewDelegate.m */,
				0AEB5CA122A529FD00B13C09 /* WKBasePlugin.h */,
				0AEB5C8E22A529FD00B13C09 /* WKBasePlugin.m */,
				0AEB5C8922A529FD00B13C09 /* WKMsgCommand.h */,
				0AEB5C9622A529FD00B13C09 /* WKMsgCommand.m */,
				0AEB5C9B22A529FD00B13C09 /* WKCommandProtocol.h */,
				0AEB5C9522A529FD00B13C09 /* WKCommandImpl.h */,
				0AEB5C8A22A529FD00B13C09 /* WKCommandImpl.m */,
				0AEB5C8B22A529FD00B13C09 /* WKPluginResult.h */,
				0AEB5C9C22A529FD00B13C09 /* WKPluginResult.m */,
			);
			path = WKJavaScriptBridge;
			sourceTree = "<group>";
		};
		832F7C7A21B822510076D164 = {
			isa = PBXGroup;
			children = (
				832F7C8521B822510076D164 /* WKJavaScriptBridge-demo */,
				832F7C8421B822510076D164 /* Products */,
				832F7CB021B8E6460076D164 /* Frameworks */,
				EDC6E15DAEDCFEAB3060DBC2 /* Pods */,
			);
			sourceTree = "<group>";
		};
		832F7C8421B822510076D164 /* Products */ = {
			isa = PBXGroup;
			children = (
				832F7C8321B822510076D164 /* WKJavaScriptBridge-demo.app */,
			);
			name = Products;
			sourceTree = "<group>";
		};
		832F7C8521B822510076D164 /* WKJavaScriptBridge-demo */ = {
			isa = PBXGroup;
			children = (
				832F7CB621B904C50076D164 /* index.html */,
				0AD5DDB72331EFB9007CA08B /* wk_bridge_ interface.js */,
				0AEB5C8422A529FD00B13C09 /* WKJavaScriptBridge */,
				832F7E6221BA54820076D164 /* NativePlugin */,
				832F7C8621B822510076D164 /* AppDelegate.h */,
				832F7C8721B822510076D164 /* AppDelegate.m */,
				832F7C8921B822510076D164 /* ViewController.h */,
				832F7C8A21B822510076D164 /* ViewController.m */,
				0A9A395F226D940500D0DF43 /* TestWKWebViewController.h */,
				0A9A3962226D940600D0DF43 /* TestWKWebViewController.m */,
				0A9E468E225B2922003F6574 /* TestViewController.h */,
				0A9E468F225B2922003F6574 /* TestViewController.m */,
				832F7C8C21B822510076D164 /* Main.storyboard */,
				832F7C8F21B822530076D164 /* Assets.xcassets */,
				832F7C9121B822530076D164 /* LaunchScreen.storyboard */,
				832F7C9421B822530076D164 /* Info.plist */,
				832F7C9521B822530076D164 /* main.m */,
			);
			path = "WKJavaScriptBridge-demo";
			sourceTree = "<group>";
		};
		832F7CB021B8E6460076D164 /* Frameworks */ = {
			isa = PBXGroup;
			children = (
				832F7CB121B8E6460076D164 /* WebKit.framework */,
				E5973883F04EEF4EBBB3F713 /* libPods-WKJavaScriptBridge-demo.a */,
			);
			name = Frameworks;
			sourceTree = "<group>";
		};
		832F7E6221BA54820076D164 /* NativePlugin */ = {
			isa = PBXGroup;
			children = (
				0AF64B592331C89400BDCB0E /* WKJSBridgeConfig.h */,
				0AF64B5A2331C89400BDCB0E /* WKJSBridgeConfig.m */,
				0A09224722674D2E002BDEBE /* WKFetchPlugin.h */,
				0A09224622674D2D002BDEBE /* WKFetchPlugin.m */,
			);
			path = NativePlugin;
			sourceTree = "<group>";
		};
		EDC6E15DAEDCFEAB3060DBC2 /* Pods */ = {
			isa = PBXGroup;
			children = (
				05DB13B25C25AB5F7DA35A90 /* Pods-WKJavaScriptBridge-demo.debug.xcconfig */,
				29E50CB97F5DD0FD75EBAF15 /* Pods-WKJavaScriptBridge-demo.release.xcconfig */,
			);
			path = Pods;
			sourceTree = "<group>";
		};
/* End PBXGroup section */

/* Begin PBXNativeTarget section */
		832F7C8221B822510076D164 /* WKJavaScriptBridge-demo */ = {
			isa = PBXNativeTarget;
			buildConfigurationList = 832F7C9921B822530076D164 /* Build configuration list for PBXNativeTarget "WKJavaScriptBridge-demo" */;
			buildPhases = (
				5AB00C0120B7CA52F9DDB898 /* [CP] Check Pods Manifest.lock */,
				832F7C7F21B822510076D164 /* Sources */,
				832F7C8021B822510076D164 /* Frameworks */,
				832F7C8121B822510076D164 /* Resources */,
			);
			buildRules = (
			);
			dependencies = (
			);
			name = "WKJavaScriptBridge-demo";
			productName = "Hybrid-framework";
			productReference = 832F7C8321B822510076D164 /* WKJavaScriptBridge-demo.app */;
			productType = "com.apple.product-type.application";
		};
/* End PBXNativeTarget section */

/* Begin PBXProject section */
		832F7C7B21B822510076D164 /* Project object */ = {
			isa = PBXProject;
			attributes = {
				LastUpgradeCheck = 1000;
				ORGANIZATIONNAME = "王凯";
				TargetAttributes = {
					832F7C8221B822510076D164 = {
						CreatedOnToolsVersion = 10.0;
					};
				};
			};
			buildConfigurationList = 832F7C7E21B822510076D164 /* Build configuration list for PBXProject "WKJavaScriptBridge-demo" */;
			compatibilityVersion = "Xcode 9.3";
			developmentRegion = en;
			hasScannedForEncodings = 0;
			knownRegions = (
				en,
				Base,
			);
			mainGroup = 832F7C7A21B822510076D164;
			productRefGroup = 832F7C8421B822510076D164 /* Products */;
			projectDirPath = "";
			projectRoot = "";
			targets = (
				832F7C8221B822510076D164 /* WKJavaScriptBridge-demo */,
			);
		};
/* End PBXProject section */

/* Begin PBXResourcesBuildPhase section */
		832F7C8121B822510076D164 /* Resources */ = {
			isa = PBXResourcesBuildPhase;
			buildActionMask = 2147483647;
			files = (
				832F7C9321B822530076D164 /* LaunchScreen.storyboard in Resources */,
				0A7648E2232F6365006C6FFA /* wk_bridge_channel.js in Resources */,
				832F7CB721B904C60076D164 /* index.html in Resources */,
				0AD5DDB82331EFB9007CA08B /* wk_bridge_ interface.js in Resources */,
				832F7C9021B822530076D164 /* Assets.xcassets in Resources */,
				832F7C8E21B822510076D164 /* Main.storyboard in Resources */,
			);
			runOnlyForDeploymentPostprocessing = 0;
		};
/* End PBXResourcesBuildPhase section */

/* Begin PBXShellScriptBuildPhase section */
		5AB00C0120B7CA52F9DDB898 /* [CP] Check Pods Manifest.lock */ = {
			isa = PBXShellScriptBuildPhase;
			buildActionMask = 2147483647;
			files = (
			);
			inputFileListPaths = (
			);
			inputPaths = (
				"${PODS_PODFILE_DIR_PATH}/Podfile.lock",
				"${PODS_ROOT}/Manifest.lock",
			);
			name = "[CP] Check Pods Manifest.lock";
			outputFileListPaths = (
			);
			outputPaths = (
				"$(DERIVED_FILE_DIR)/Pods-WKJavaScriptBridge-demo-checkManifestLockResult.txt",
			);
			runOnlyForDeploymentPostprocessing = 0;
			shellPath = /bin/sh;
			shellScript = "diff \"${PODS_PODFILE_DIR_PATH}/Podfile.lock\" \"${PODS_ROOT}/Manifest.lock\" > /dev/null\nif [ $? != 0 ] ; then\n    # print error to STDERR\n    echo \"error: The sandbox is not in sync with the Podfile.lock. Run 'pod install' or update your CocoaPods installation.\" >&2\n    exit 1\nfi\n# This output is used by Xcode 'outputs' to avoid re-running this script phase.\necho \"SUCCESS\" > \"${SCRIPT_OUTPUT_FILE_0}\"\n";
			showEnvVarsInLog = 0;
		};
/* End PBXShellScriptBuildPhase section */

/* Begin PBXSourcesBuildPhase section */
		832F7C7F21B822510076D164 /* Sources */ = {
			isa = PBXSourcesBuildPhase;
			buildActionMask = 2147483647;
			files = (
				0A9E4690225B2922003F6574 /* TestViewController.m in Sources */,
				0AEB5CA822A529FD00B13C09 /* WKWebPluginAnnotation.m in Sources */,
				832F7C8B21B822510076D164 /* ViewController.m in Sources */,
				832F7C9621B822530076D164 /* main.m in Sources */,
				0AEB5CAD22A529FD00B13C09 /* WKPluginResult.m in Sources */,
				0AEB5CAB22A529FD00B13C09 /* WKMsgCommand.m in Sources */,
				0AEB5CA922A529FD00B13C09 /* WKWebViewCookieMgr.m in Sources */,
				0AEB5CA422A529FD00B13C09 /* WKWebViewHandleFactory.m in Sources */,
				0A9A3965226D940600D0DF43 /* TestWKWebViewController.m in Sources */,
				0AEB5CA522A529FD00B13C09 /* WKWebViewDelegate.m in Sources */,
				832F7C8821B822510076D164 /* AppDelegate.m in Sources */,
				0AEB5CAA22A529FD00B13C09 /* WKWebViewEngine.m in Sources */,
				0A09224822674D2E002BDEBE /* WKFetchPlugin.m in Sources */,
				0AEB5CA322A529FD00B13C09 /* WKCommandImpl.m in Sources */,
				0AEB5CA622A529FD00B13C09 /* WKBasePlugin.m in Sources */,
				0AF64B5B2331C89400BDCB0E /* WKJSBridgeConfig.m in Sources */,
			);
			runOnlyForDeploymentPostprocessing = 0;
		};
/* End PBXSourcesBuildPhase section */

/* Begin PBXVariantGroup section */
		832F7C8C21B822510076D164 /* Main.storyboard */ = {
			isa = PBXVariantGroup;
			children = (
				832F7C8D21B822510076D164 /* Base */,
			);
			name = Main.storyboard;
			sourceTree = "<group>";
		};
		832F7C9121B822530076D164 /* LaunchScreen.storyboard */ = {
			isa = PBXVariantGroup;
			children = (
				832F7C9221B822530076D164 /* Base */,
			);
			name = LaunchScreen.storyboard;
			sourceTree = "<group>";
		};
/* End PBXVariantGroup section */

/* Begin XCBuildConfiguration section */
		832F7C9721B822530076D164 /* Debug */ = {
			isa = XCBuildConfiguration;
			buildSettings = {
				ALWAYS_SEARCH_USER_PATHS = NO;
				CLANG_ANALYZER_NONNULL = YES;
				CLANG_ANALYZER_NUMBER_OBJECT_CONVERSION = YES_AGGRESSIVE;
				CLANG_CXX_LANGUAGE_STANDARD = "gnu++14";
				CLANG_CXX_LIBRARY = "libc++";
				CLANG_ENABLE_MODULES = YES;
				CLANG_ENABLE_OBJC_ARC = YES;
				CLANG_ENABLE_OBJC_WEAK = YES;
				CLANG_WARN_BLOCK_CAPTURE_AUTORELEASING = YES;
				CLANG_WARN_BOOL_CONVERSION = YES;
				CLANG_WARN_COMMA = YES;
				CLANG_WARN_CONSTANT_CONVERSION = YES;
				CLANG_WARN_DEPRECATED_OBJC_IMPLEMENTATIONS = YES;
				CLANG_WARN_DIRECT_OBJC_ISA_USAGE = YES_ERROR;
				CLANG_WARN_DOCUMENTATION_COMMENTS = YES;
				CLANG_WARN_EMPTY_BODY = YES;
				CLANG_WARN_ENUM_CONVERSION = YES;
				CLANG_WARN_INFINITE_RECURSION = YES;
				CLANG_WARN_INT_CONVERSION = YES;
				CLANG_WARN_NON_LITERAL_NULL_CONVERSION = YES;
				CLANG_WARN_OBJC_IMPLICIT_RETAIN_SELF = YES;
				CLANG_WARN_OBJC_LITERAL_CONVERSION = YES;
				CLANG_WARN_OBJC_ROOT_CLASS = YES_ERROR;
				CLANG_WARN_RANGE_LOOP_ANALYSIS = YES;
				CLANG_WARN_STRICT_PROTOTYPES = YES;
				CLANG_WARN_SUSPICIOUS_MOVE = YES;
				CLANG_WARN_UNGUARDED_AVAILABILITY = YES_AGGRESSIVE;
				CLANG_WARN_UNREACHABLE_CODE = YES;
				CLANG_WARN__DUPLICATE_METHOD_MATCH = YES;
				CODE_SIGN_IDENTITY = "iPhone Developer";
				COPY_PHASE_STRIP = NO;
				DEBUG_INFORMATION_FORMAT = dwarf;
				ENABLE_STRICT_OBJC_MSGSEND = YES;
				ENABLE_TESTABILITY = YES;
				GCC_C_LANGUAGE_STANDARD = gnu11;
				GCC_DYNAMIC_NO_PIC = NO;
				GCC_NO_COMMON_BLOCKS = YES;
				GCC_OPTIMIZATION_LEVEL = 0;
				GCC_PREPROCESSOR_DEFINITIONS = (
					"DEBUG=1",
					"$(inherited)",
				);
				GCC_WARN_64_TO_32_BIT_CONVERSION = YES;
				GCC_WARN_ABOUT_RETURN_TYPE = YES_ERROR;
				GCC_WARN_UNDECLARED_SELECTOR = YES;
				GCC_WARN_UNINITIALIZED_AUTOS = YES_AGGRESSIVE;
				GCC_WARN_UNUSED_FUNCTION = YES;
				GCC_WARN_UNUSED_VARIABLE = YES;
				IPHONEOS_DEPLOYMENT_TARGET = 12.0;
				MTL_ENABLE_DEBUG_INFO = INCLUDE_SOURCE;
				MTL_FAST_MATH = YES;
				ONLY_ACTIVE_ARCH = YES;
				SDKROOT = iphoneos;
			};
			name = Debug;
		};
		832F7C9821B822530076D164 /* Release */ = {
			isa = XCBuildConfiguration;
			buildSettings = {
				ALWAYS_SEARCH_USER_PATHS = NO;
				CLANG_ANALYZER_NONNULL = YES;
				CLANG_ANALYZER_NUMBER_OBJECT_CONVERSION = YES_AGGRESSIVE;
				CLANG_CXX_LANGUAGE_STANDARD = "gnu++14";
				CLANG_CXX_LIBRARY = "libc++";
				CLANG_ENABLE_MODULES = YES;
				CLANG_ENABLE_OBJC_ARC = YES;
				CLANG_ENABLE_OBJC_WEAK = YES;
				CLANG_WARN_BLOCK_CAPTURE_AUTORELEASING = YES;
				CLANG_WARN_BOOL_CONVERSION = YES;
				CLANG_WARN_COMMA = YES;
				CLANG_WARN_CONSTANT_CONVERSION = YES;
				CLANG_WARN_DEPRECATED_OBJC_IMPLEMENTATIONS = YES;
				CLANG_WARN_DIRECT_OBJC_ISA_USAGE = YES_ERROR;
				CLANG_WARN_DOCUMENTATION_COMMENTS = YES;
				CLANG_WARN_EMPTY_BODY = YES;
				CLANG_WARN_ENUM_CONVERSION = YES;
				CLANG_WARN_INFINITE_RECURSION = YES;
				CLANG_WARN_INT_CONVERSION = YES;
				CLANG_WARN_NON_LITERAL_NULL_CONVERSION = YES;
				CLANG_WARN_OBJC_IMPLICIT_RETAIN_SELF = YES;
				CLANG_WARN_OBJC_LITERAL_CONVERSION = YES;
				CLANG_WARN_OBJC_ROOT_CLASS = YES_ERROR;
				CLANG_WARN_RANGE_LOOP_ANALYSIS = YES;
				CLANG_WARN_STRICT_PROTOTYPES = YES;
				CLANG_WARN_SUSPICIOUS_MOVE = YES;
				CLANG_WARN_UNGUARDED_AVAILABILITY = YES_AGGRESSIVE;
				CLANG_WARN_UNREACHABLE_CODE = YES;
				CLANG_WARN__DUPLICATE_METHOD_MATCH = YES;
				CODE_SIGN_IDENTITY = "iPhone Developer";
				COPY_PHASE_STRIP = NO;
				DEBUG_INFORMATION_FORMAT = "dwarf-with-dsym";
				ENABLE_NS_ASSERTIONS = NO;
				ENABLE_STRICT_OBJC_MSGSEND = YES;
				GCC_C_LANGUAGE_STANDARD = gnu11;
				GCC_NO_COMMON_BLOCKS = YES;
				GCC_WARN_64_TO_32_BIT_CONVERSION = YES;
				GCC_WARN_ABOUT_RETURN_TYPE = YES_ERROR;
				GCC_WARN_UNDECLARED_SELECTOR = YES;
				GCC_WARN_UNINITIALIZED_AUTOS = YES_AGGRESSIVE;
				GCC_WARN_UNUSED_FUNCTION = YES;
				GCC_WARN_UNUSED_VARIABLE = YES;
				IPHONEOS_DEPLOYMENT_TARGET = 12.0;
				MTL_ENABLE_DEBUG_INFO = NO;
				MTL_FAST_MATH = YES;
				SDKROOT = iphoneos;
				VALIDATE_PRODUCT = YES;
			};
			name = Release;
		};
		832F7C9A21B822530076D164 /* Debug */ = {
			isa = XCBuildConfiguration;
			baseConfigurationReference = 05DB13B25C25AB5F7DA35A90 /* Pods-WKJavaScriptBridge-demo.debug.xcconfig */;
			buildSettings = {
				ASSETCATALOG_COMPILER_APPICON_NAME = AppIcon;
				CODE_SIGN_STYLE = Automatic;
				DEVELOPMENT_TEAM = 929467FPP6;
				INFOPLIST_FILE = "WKJavaScriptBridge-demo/Info.plist";
				IPHONEOS_DEPLOYMENT_TARGET = 8.0;
				LD_RUNPATH_SEARCH_PATHS = (
					"$(inherited)",
					"@executable_path/Frameworks",
				);
				PRODUCT_BUNDLE_IDENTIFIER = "com.wangkai.responder.WKJavaScriptBridge-demo";
				PRODUCT_NAME = "$(TARGET_NAME)";
				TARGETED_DEVICE_FAMILY = "1,2";
			};
			name = Debug;
		};
		832F7C9B21B822530076D164 /* Release */ = {
			isa = XCBuildConfiguration;
			baseConfigurationReference = 29E50CB97F5DD0FD75EBAF15 /* Pods-WKJavaScriptBridge-demo.release.xcconfig */;
			buildSettings = {
				ASSETCATALOG_COMPILER_APPICON_NAME = AppIcon;
				CODE_SIGN_STYLE = Automatic;
				DEVELOPMENT_TEAM = 929467FPP6;
				INFOPLIST_FILE = "WKJavaScriptBridge-demo/Info.plist";
				IPHONEOS_DEPLOYMENT_TARGET = 8.0;
				LD_RUNPATH_SEARCH_PATHS = (
					"$(inherited)",
					"@executable_path/Frameworks",
				);
				PRODUCT_BUNDLE_IDENTIFIER = "com.wangkai.responder.WKJavaScriptBridge-demo";
				PRODUCT_NAME = "$(TARGET_NAME)";
				TARGETED_DEVICE_FAMILY = "1,2";
			};
			name = Release;
		};
/* End XCBuildConfiguration section */

/* Begin XCConfigurationList section */
		832F7C7E21B822510076D164 /* Build configuration list for PBXProject "WKJavaScriptBridge-demo" */ = {
			isa = XCConfigurationList;
			buildConfigurations = (
				832F7C9721B822530076D164 /* Debug */,
				832F7C9821B822530076D164 /* Release */,
			);
			defaultConfigurationIsVisible = 0;
			defaultConfigurationName = Release;
		};
		832F7C9921B822530076D164 /* Build configuration list for PBXNativeTarget "WKJavaScriptBridge-demo" */ = {
			isa = XCConfigurationList;
			buildConfigurations = (
				832F7C9A21B822530076D164 /* Debug */,
				832F7C9B21B822530076D164 /* Release */,
			);
			defaultConfigurationIsVisible = 0;
			defaultConfigurationName = Release;
		};
/* End XCConfigurationList section */
	};
	rootObject = 832F7C7B21B822510076D164 /* Project object */;
}
