// !$*UTF8*$!
{
	archiveVersion = 1;
	classes = {
	};
	objectVersion = 50;
	objects = {

/* Begin PBXBuildFile section */
		0A0EE1B1235F0E77002232BB /* WKJavaScriptBridge.m in Sources */ = {isa = PBXBuildFile; fileRef = 0A0EE1B0235F0E77002232BB /* WKJavaScriptBridge.m */; };
		0A0EE1B8235F0F36002232BB /* WKJavaScriptMessageDispatcher.m in Sources */ = {isa = PBXBuildFile; fileRef = 0A0EE1B7235F0F36002232BB /* WKJavaScriptMessageDispatcher.m */; };
		0A0EE1BB235F0F87002232BB /* WKMsgCommand.m in Sources */ = {isa = PBXBuildFile; fileRef = 0A0EE1BA235F0F87002232BB /* WKMsgCommand.m */; };
		0A0EE1BF235F100B002232BB /* WKBasePlugin.m in Sources */ = {isa = PBXBuildFile; fileRef = 0A0EE1BE235F100B002232BB /* WKBasePlugin.m */; };
		0A0EE1C2235F103E002232BB /* WKCommandImpl.m in Sources */ = {isa = PBXBuildFile; fileRef = 0A0EE1C1235F103E002232BB /* WKCommandImpl.m */; };
		0A0EE1C7235F10C4002232BB /* WKPluginResult.m in Sources */ = {isa = PBXBuildFile; fileRef = 0A0EE1C6235F10C4002232BB /* WKPluginResult.m */; };
		0A0EE1CD235F1152002232BB /* NSString+BridgeJSONPrivate.m in Sources */ = {isa = PBXBuildFile; fileRef = 0A0EE1CC235F1152002232BB /* NSString+BridgeJSONPrivate.m */; };
		0A0EE1D0235F117F002232BB /* WKWeakScriptMessageHandlerDelegate.m in Sources */ = {isa = PBXBuildFile; fileRef = 0A0EE1CF235F117F002232BB /* WKWeakScriptMessageHandlerDelegate.m */; };
		0A0EE1D7235F12A5002232BB /* WKCommonPlugin.m in Sources */ = {isa = PBXBuildFile; fileRef = 0A0EE1D6235F12A5002232BB /* WKCommonPlugin.m */; };
		0A0EE1D9235F1BBC002232BB /* WKJSBridge.js in Resources */ = {isa = PBXBuildFile; fileRef = 0A0EE1D8235F1BBC002232BB /* WKJSBridge.js */; };
		0A10882824861C0C00D7ECEE /* WKJavaScriptBridgePluginAnnotation.m in Sources */ = {isa = PBXBuildFile; fileRef = 0A10882724861C0C00D7ECEE /* WKJavaScriptBridgePluginAnnotation.m */; };
		0A10882E2486237A00D7ECEE /* TestSecurityPlugin.m in Sources */ = {isa = PBXBuildFile; fileRef = 0A10882D2486237A00D7ECEE /* TestSecurityPlugin.m */; };
		0A10883124862CA400D7ECEE /* TestPlugin.m in Sources */ = {isa = PBXBuildFile; fileRef = 0A10883024862CA400D7ECEE /* TestPlugin.m */; };
		0A9A3965226D940600D0DF43 /* TestWKWebViewController.m in Sources */ = {isa = PBXBuildFile; fileRef = 0A9A3962226D940600D0DF43 /* TestWKWebViewController.m */; };
		0A9E4690225B2922003F6574 /* TestViewController.m in Sources */ = {isa = PBXBuildFile; fileRef = 0A9E468F225B2922003F6574 /* TestViewController.m */; };
		832F7C8821B822510076D164 /* AppDelegate.m in Sources */ = {isa = PBXBuildFile; fileRef = 832F7C8721B822510076D164 /* AppDelegate.m */; };
		832F7C8B21B822510076D164 /* ViewController.m in Sources */ = {isa = PBXBuildFile; fileRef = 832F7C8A21B822510076D164 /* ViewController.m */; };
		832F7C8E21B822510076D164 /* Main.storyboard in Resources */ = {isa = PBXBuildFile; fileRef = 832F7C8C21B822510076D164 /* Main.storyboard */; };
		832F7C9021B822530076D164 /* Assets.xcassets in Resources */ = {isa = PBXBuildFile; fileRef = 832F7C8F21B822530076D164 /* Assets.xcassets */; };
		832F7C9321B822530076D164 /* LaunchScreen.storyboard in Resources */ = {isa = PBXBuildFile; fileRef = 832F7C9121B822530076D164 /* LaunchScreen.storyboard */; };
		832F7C9621B822530076D164 /* main.m in Sources */ = {isa = PBXBuildFile; fileRef = 832F7C9521B822530076D164 /* main.m */; };
		832F7CB221B8E6460076D164 /* WebKit.framework in Frameworks */ = {isa = PBXBuildFile; fileRef = 832F7CB121B8E6460076D164 /* WebKit.framework */; };
		832F7CB721B904C60076D164 /* index.html in Resources */ = {isa = PBXBuildFile; fileRef = 832F7CB621B904C50076D164 /* index.html */; };
		BAE91BDBD128B2356F07975D /* libPods-WKJavaScriptBridge-demo.a in Frameworks */ = {isa = PBXBuildFile; fileRef = E5973883F04EEF4EBBB3F713 /* libPods-WKJavaScriptBridge-demo.a */; };
/* End PBXBuildFile section */

/* Begin PBXFileReference section */
		05DB13B25C25AB5F7DA35A90 /* Pods-WKJavaScriptBridge-demo.debug.xcconfig */ = {isa = PBXFileReference; includeInIndex = 1; lastKnownFileType = text.xcconfig; name = "Pods-WKJavaScriptBridge-demo.debug.xcconfig"; path = "Target Support Files/Pods-WKJavaScriptBridge-demo/Pods-WKJavaScriptBridge-demo.debug.xcconfig"; sourceTree = "<group>"; };
		0A0EE1AF235F0E77002232BB /* WKJavaScriptBridge.h */ = {isa = PBXFileReference; lastKnownFileType = sourcecode.c.h; path = WKJavaScriptBridge.h; sourceTree = "<group>"; };
		0A0EE1B0235F0E77002232BB /* WKJavaScriptBridge.m */ = {isa = PBXFileReference; lastKnownFileType = sourcecode.c.objc; path = WKJavaScriptBridge.m; sourceTree = "<group>"; };
		0A0EE1B5235F0EFC002232BB /* WKJavaScriptBridgeProtocol.h */ = {isa = PBXFileReference; lastKnownFileType = sourcecode.c.h; path = WKJavaScriptBridgeProtocol.h; sourceTree = "<group>"; };
		0A0EE1B6235F0F36002232BB /* WKJavaScriptMessageDispatcher.h */ = {isa = PBXFileReference; lastKnownFileType = sourcecode.c.h; path = WKJavaScriptMessageDispatcher.h; sourceTree = "<group>"; };
		0A0EE1B7235F0F36002232BB /* WKJavaScriptMessageDispatcher.m */ = {isa = PBXFileReference; lastKnownFileType = sourcecode.c.objc; path = WKJavaScriptMessageDispatcher.m; sourceTree = "<group>"; };
		0A0EE1B9235F0F87002232BB /* WKMsgCommand.h */ = {isa = PBXFileReference; lastKnownFileType = sourcecode.c.h; path = WKMsgCommand.h; sourceTree = "<group>"; };
		0A0EE1BA235F0F87002232BB /* WKMsgCommand.m */ = {isa = PBXFileReference; lastKnownFileType = sourcecode.c.objc; path = WKMsgCommand.m; sourceTree = "<group>"; };
		0A0EE1BD235F100B002232BB /* WKBasePlugin.h */ = {isa = PBXFileReference; lastKnownFileType = sourcecode.c.h; path = WKBasePlugin.h; sourceTree = "<group>"; };
		0A0EE1BE235F100B002232BB /* WKBasePlugin.m */ = {isa = PBXFileReference; lastKnownFileType = sourcecode.c.objc; path = WKBasePlugin.m; sourceTree = "<group>"; };
		0A0EE1C0235F103E002232BB /* WKCommandImpl.h */ = {isa = PBXFileReference; lastKnownFileType = sourcecode.c.h; path = WKCommandImpl.h; sourceTree = "<group>"; };
		0A0EE1C1235F103E002232BB /* WKCommandImpl.m */ = {isa = PBXFileReference; lastKnownFileType = sourcecode.c.objc; path = WKCommandImpl.m; sourceTree = "<group>"; };
		0A0EE1C3235F1072002232BB /* WKCommandProtocol.h */ = {isa = PBXFileReference; lastKnownFileType = sourcecode.c.h; path = WKCommandProtocol.h; sourceTree = "<group>"; };
		0A0EE1C4235F109E002232BB /* WKPluginProtocol.h */ = {isa = PBXFileReference; lastKnownFileType = sourcecode.c.h; path = WKPluginProtocol.h; sourceTree = "<group>"; };
		0A0EE1C5235F10C4002232BB /* WKPluginResult.h */ = {isa = PBXFileReference; lastKnownFileType = sourcecode.c.h; path = WKPluginResult.h; sourceTree = "<group>"; };
		0A0EE1C6235F10C4002232BB /* WKPluginResult.m */ = {isa = PBXFileReference; lastKnownFileType = sourcecode.c.objc; path = WKPluginResult.m; sourceTree = "<group>"; };
		0A0EE1CB235F1152002232BB /* NSString+BridgeJSONPrivate.h */ = {isa = PBXFileReference; lastKnownFileType = sourcecode.c.h; path = "NSString+BridgeJSONPrivate.h"; sourceTree = "<group>"; };
		0A0EE1CC235F1152002232BB /* NSString+BridgeJSONPrivate.m */ = {isa = PBXFileReference; lastKnownFileType = sourcecode.c.objc; path = "NSString+BridgeJSONPrivate.m"; sourceTree = "<group>"; };
		0A0EE1CE235F117F002232BB /* WKWeakScriptMessageHandlerDelegate.h */ = {isa = PBXFileReference; lastKnownFileType = sourcecode.c.h; path = WKWeakScriptMessageHandlerDelegate.h; sourceTree = "<group>"; };
		0A0EE1CF235F117F002232BB /* WKWeakScriptMessageHandlerDelegate.m */ = {isa = PBXFileReference; lastKnownFileType = sourcecode.c.objc; path = WKWeakScriptMessageHandlerDelegate.m; sourceTree = "<group>"; };
		0A0EE1D5235F12A5002232BB /* WKCommonPlugin.h */ = {isa = PBXFileReference; lastKnownFileType = sourcecode.c.h; path = WKCommonPlugin.h; sourceTree = "<group>"; };
		0A0EE1D6235F12A5002232BB /* WKCommonPlugin.m */ = {isa = PBXFileReference; lastKnownFileType = sourcecode.c.objc; path = WKCommonPlugin.m; sourceTree = "<group>"; };
		0A0EE1D8235F1BBC002232BB /* WKJSBridge.js */ = {isa = PBXFileReference; fileEncoding = 4; lastKnownFileType = sourcecode.javascript; path = WKJSBridge.js; sourceTree = "<group>"; };
		0A10882624861C0C00D7ECEE /* WKJavaScriptBridgePluginAnnotation.h */ = {isa = PBXFileReference; fileEncoding = 4; lastKnownFileType = sourcecode.c.h; path = WKJavaScriptBridgePluginAnnotation.h; sourceTree = "<group>"; };
		0A10882724861C0C00D7ECEE /* WKJavaScriptBridgePluginAnnotation.m */ = {isa = PBXFileReference; fileEncoding = 4; lastKnownFileType = sourcecode.c.objc; path = WKJavaScriptBridgePluginAnnotation.m; sourceTree = "<group>"; };
		0A10882924861E1200D7ECEE /* WKPluginSecurityProtocol.h */ = {isa = PBXFileReference; lastKnownFileType = sourcecode.c.h; path = WKPluginSecurityProtocol.h; sourceTree = "<group>"; };
		0A10882B2486221000D7ECEE /* TestWebPluginSecurityConfig.h */ = {isa = PBXFileReference; lastKnownFileType = sourcecode.c.h; path = TestWebPluginSecurityConfig.h; sourceTree = "<group>"; };
		0A10882C2486237A00D7ECEE /* TestSecurityPlugin.h */ = {isa = PBXFileReference; lastKnownFileType = sourcecode.c.h; path = TestSecurityPlugin.h; sourceTree = "<group>"; };
		0A10882D2486237A00D7ECEE /* TestSecurityPlugin.m */ = {isa = PBXFileReference; lastKnownFileType = sourcecode.c.objc; path = TestSecurityPlugin.m; sourceTree = "<group>"; };
		0A10882F24862CA400D7ECEE /* TestPlugin.h */ = {isa = PBXFileReference; lastKnownFileType = sourcecode.c.h; path = TestPlugin.h; sourceTree = "<group>"; };
		0A10883024862CA400D7ECEE /* TestPlugin.m */ = {isa = PBXFileReference; lastKnownFileType = sourcecode.c.objc; path = TestPlugin.m; sourceTree = "<group>"; };
		0A9A395F226D940500D0DF43 /* TestWKWebViewController.h */ = {isa = PBXFileReference; fileEncoding = 4; lastKnownFileType = sourcecode.c.h; path = TestWKWebViewController.h; sourceTree = "<group>"; };
		0A9A3962226D940600D0DF43 /* TestWKWebViewController.m */ = {isa = PBXFileReference; fileEncoding = 4; lastKnownFileType = sourcecode.c.objc; path = TestWKWebViewController.m; sourceTree = "<group>"; };
		0A9E468E225B2922003F6574 /* TestViewController.h */ = {isa = PBXFileReference; lastKnownFileType = sourcecode.c.h; path = TestViewController.h; sourceTree = "<group>"; };
		0A9E468F225B2922003F6574 /* TestViewController.m */ = {isa = PBXFileReference; lastKnownFileType = sourcecode.c.objc; path = TestViewController.m; sourceTree = "<group>"; };
		29E50CB97F5DD0FD75EBAF15 /* Pods-WKJavaScriptBridge-demo.release.xcconfig */ = {isa = PBXFileReference; includeInIndex = 1; lastKnownFileType = text.xcconfig; name = "Pods-WKJavaScriptBridge-demo.release.xcconfig"; path = "Target Support Files/Pods-WKJavaScriptBridge-demo/Pods-WKJavaScriptBridge-demo.release.xcconfig"; sourceTree = "<group>"; };
		832F7C8321B822510076D164 /* WKJavaScriptBridge-demo.app */ = {isa = PBXFileReference; explicitFileType = wrapper.application; includeInIndex = 0; path = "WKJavaScriptBridge-demo.app"; sourceTree = BUILT_PRODUCTS_DIR; };
		832F7C8621B822510076D164 /* AppDelegate.h */ = {isa = PBXFileReference; lastKnownFileType = sourcecode.c.h; path = AppDelegate.h; sourceTree = "<group>"; };
		832F7C8721B822510076D164 /* AppDelegate.m */ = {isa = PBXFileReference; lastKnownFileType = sourcecode.c.objc; path = AppDelegate.m; sourceTree = "<group>"; };
		832F7C8921B822510076D164 /* ViewController.h */ = {isa = PBXFileReference; lastKnownFileType = sourcecode.c.h; path = ViewController.h; sourceTree = "<group>"; };
		832F7C8A21B822510076D164 /* ViewController.m */ = {isa = PBXFileReference; lastKnownFileType = sourcecode.c.objc; path = ViewController.m; sourceTree = "<group>"; };
		832F7C8D21B822510076D164 /* Base */ = {isa = PBXFileReference; lastKnownFileType = file.storyboard; name = Base; path = Base.lproj/Main.storyboard; sourceTree = "<group>"; };
		832F7C8F21B822530076D164 /* Assets.xcassets */ = {isa = PBXFileReference; lastKnownFileType = folder.assetcatalog; path = Assets.xcassets; sourceTree = "<group>"; };
		832F7C9221B822530076D164 /* Base */ = {isa = PBXFileReference; lastKnownFileType = file.storyboard; name = Base; path = Base.lproj/LaunchScreen.storyboard; sourceTree = "<group>"; };
		832F7C9421B822530076D164 /* Info.plist */ = {isa = PBXFileReference; lastKnownFileType = text.plist.xml; path = Info.plist; sourceTree = "<group>"; };
		832F7C9521B822530076D164 /* main.m */ = {isa = PBXFileReference; lastKnownFileType = sourcecode.c.objc; path = main.m; sourceTree = "<group>"; };
		832F7CB121B8E6460076D164 /* WebKit.framework */ = {isa = PBXFileReference; lastKnownFileType = wrapper.framework; name = WebKit.framework; path = System/Library/Frameworks/WebKit.framework; sourceTree = SDKROOT; };
		832F7CB621B904C50076D164 /* index.html */ = {isa = PBXFileReference; fileEncoding = 4; lastKnownFileType = text.html; path = index.html; sourceTree = "<group>"; };
		E5973883F04EEF4EBBB3F713 /* libPods-WKJavaScriptBridge-demo.a */ = {isa = PBXFileReference; explicitFileType = archive.ar; includeInIndex = 0; path = "libPods-WKJavaScriptBridge-demo.a"; sourceTree = BUILT_PRODUCTS_DIR; };
/* End PBXFileReference section */

/* Begin PBXFrameworksBuildPhase section */
		832F7C8021B822510076D164 /* Frameworks */ = {
			isa = PBXFrameworksBuildPhase;
			buildActionMask = 2147483647;
			files = (
				832F7CB221B8E6460076D164 /* WebKit.framework in Frameworks */,
				BAE91BDBD128B2356F07975D /* libPods-WKJavaScriptBridge-demo.a in Frameworks */,
			);
			runOnlyForDeploymentPostprocessing = 0;
		};
/* End PBXFrameworksBuildPhase section */

/* Begin PBXGroup section */
		0A0EE1BC235F0FFF002232BB /* Plugin */ = {
			isa = PBXGroup;
			children = (
				0A0EE1BD235F100B002232BB /* WKBasePlugin.h */,
				0A0EE1BE235F100B002232BB /* WKBasePlugin.m */,
				0A0EE1C0235F103E002232BB /* WKCommandImpl.h */,
				0A0EE1C1235F103E002232BB /* WKCommandImpl.m */,
				0A0EE1C3235F1072002232BB /* WKCommandProtocol.h */,
				0A0EE1C4235F109E002232BB /* WKPluginProtocol.h */,
				0A0EE1C5235F10C4002232BB /* WKPluginResult.h */,
				0A0EE1C6235F10C4002232BB /* WKPluginResult.m */,
			);
			path = Plugin;
			sourceTree = "<group>";
		};
		0A0EE1D1235F122B002232BB /* NativePlugin */ = {
			isa = PBXGroup;
			children = (
				0A10882A248621E900D7ECEE /* Security */,
				0A0EE1D5235F12A5002232BB /* WKCommonPlugin.h */,
				0A0EE1D6235F12A5002232BB /* WKCommonPlugin.m */,
				0A10882F24862CA400D7ECEE /* TestPlugin.h */,
				0A10883024862CA400D7ECEE /* TestPlugin.m */,
			);
			path = NativePlugin;
			sourceTree = "<group>";
		};
		0A10882524861BD400D7ECEE /* Security */ = {
			isa = PBXGroup;
			children = (
				0A10882624861C0C00D7ECEE /* WKJavaScriptBridgePluginAnnotation.h */,
				0A10882724861C0C00D7ECEE /* WKJavaScriptBridgePluginAnnotation.m */,
				0A10882924861E1200D7ECEE /* WKPluginSecurityProtocol.h */,
			);
			path = Security;
			sourceTree = "<group>";
		};
		0A10882A248621E900D7ECEE /* Security */ = {
			isa = PBXGroup;
			children = (
				0A10882B2486221000D7ECEE /* TestWebPluginSecurityConfig.h */,
				0A10882C2486237A00D7ECEE /* TestSecurityPlugin.h */,
				0A10882D2486237A00D7ECEE /* TestSecurityPlugin.m */,
			);
			path = Security;
			sourceTree = "<group>";
		};
		0AB7D4DB235437C00054719A /* Dispatcher */ = {
			isa = PBXGroup;
			children = (
				0A0EE1B6235F0F36002232BB /* WKJavaScriptMessageDispatcher.h */,
				0A0EE1B7235F0F36002232BB /* WKJavaScriptMessageDispatcher.m */,
				0A0EE1B9235F0F87002232BB /* WKMsgCommand.h */,
				0A0EE1BA235F0F87002232BB /* WKMsgCommand.m */,
			);
			path = Dispatcher;
			sourceTree = "<group>";
		};
		0AB7D4EA235437C00054719A /* Util */ = {
			isa = PBXGroup;
			children = (
				0A0EE1CB235F1152002232BB /* NSString+BridgeJSONPrivate.h */,
				0A0EE1CC235F1152002232BB /* NSString+BridgeJSONPrivate.m */,
				0A0EE1CE235F117F002232BB /* WKWeakScriptMessageHandlerDelegate.h */,
				0A0EE1CF235F117F002232BB /* WKWeakScriptMessageHandlerDelegate.m */,
			);
			path = Util;
			sourceTree = "<group>";
		};
		0AEB5C8422A529FD00B13C09 /* WKJavaScriptBridge */ = {
			isa = PBXGroup;
			children = (
				0A10882524861BD400D7ECEE /* Security */,
				0AB7D4DB235437C00054719A /* Dispatcher */,
				0A0EE1BC235F0FFF002232BB /* Plugin */,
				0AB7D4EA235437C00054719A /* Util */,
				0A0EE1AF235F0E77002232BB /* WKJavaScriptBridge.h */,
				0A0EE1B0235F0E77002232BB /* WKJavaScriptBridge.m */,
				0A0EE1B5235F0EFC002232BB /* WKJavaScriptBridgeProtocol.h */,
				0A0EE1D8235F1BBC002232BB /* WKJSBridge.js */,
			);
			path = WKJavaScriptBridge;
			sourceTree = "<group>";
		};
		832F7C7A21B822510076D164 = {
			isa = PBXGroup;
			children = (
				832F7C8521B822510076D164 /* WKJavaScriptBridge-demo */,
				832F7C8421B822510076D164 /* Products */,
				832F7CB021B8E6460076D164 /* Frameworks */,
				EDC6E15DAEDCFEAB3060DBC2 /* Pods */,
			);
			sourceTree = "<group>";
		};
		832F7C8421B822510076D164 /* Products */ = {
			isa = PBXGroup;
			children = (
				832F7C8321B822510076D164 /* WKJavaScriptBridge-demo.app */,
			);
			name = Products;
			sourceTree = "<group>";
		};
		832F7C8521B822510076D164 /* WKJavaScriptBridge-demo */ = {
			isa = PBXGroup;
			children = (
				0A0EE1D1235F122B002232BB /* NativePlugin */,
				832F7CB621B904C50076D164 /* index.html */,
				0AEB5C8422A529FD00B13C09 /* WKJavaScriptBridge */,
				832F7C8621B822510076D164 /* AppDelegate.h */,
				832F7C8721B822510076D164 /* AppDelegate.m */,
				832F7C8921B822510076D164 /* ViewController.h */,
				832F7C8A21B822510076D164 /* ViewController.m */,
				0A9A395F226D940500D0DF43 /* TestWKWebViewController.h */,
				0A9A3962226D940600D0DF43 /* TestWKWebViewController.m */,
				0A9E468E225B2922003F6574 /* TestViewController.h */,
				0A9E468F225B2922003F6574 /* TestViewController.m */,
				832F7C8C21B822510076D164 /* Main.storyboard */,
				832F7C8F21B822530076D164 /* Assets.xcassets */,
				832F7C9121B822530076D164 /* LaunchScreen.storyboard */,
				832F7C9421B822530076D164 /* Info.plist */,
				832F7C9521B822530076D164 /* main.m */,
			);
			path = "WKJavaScriptBridge-demo";
			sourceTree = "<group>";
		};
		832F7CB021B8E6460076D164 /* Frameworks */ = {
			isa = PBXGroup;
			children = (
				832F7CB121B8E6460076D164 /* WebKit.framework */,
				E5973883F04EEF4EBBB3F713 /* libPods-WKJavaScriptBridge-demo.a */,
			);
			name = Frameworks;
			sourceTree = "<group>";
		};
		EDC6E15DAEDCFEAB3060DBC2 /* Pods */ = {
			isa = PBXGroup;
			children = (
				05DB13B25C25AB5F7DA35A90 /* Pods-WKJavaScriptBridge-demo.debug.xcconfig */,
				29E50CB97F5DD0FD75EBAF15 /* Pods-WKJavaScriptBridge-demo.release.xcconfig */,
			);
			path = Pods;
			sourceTree = "<group>";
		};
/* End PBXGroup section */

/* Begin PBXNativeTarget section */
		832F7C8221B822510076D164 /* WKJavaScriptBridge-demo */ = {
			isa = PBXNativeTarget;
			buildConfigurationList = 832F7C9921B822530076D164 /* Build configuration list for PBXNativeTarget "WKJavaScriptBridge-demo" */;
			buildPhases = (
				5AB00C0120B7CA52F9DDB898 /* [CP] Check Pods Manifest.lock */,
				832F7C7F21B822510076D164 /* Sources */,
				832F7C8021B822510076D164 /* Frameworks */,
				832F7C8121B822510076D164 /* Resources */,
			);
			buildRules = (
			);
			dependencies = (
			);
			name = "WKJavaScriptBridge-demo";
			productName = "Hybrid-framework";
			productReference = 832F7C8321B822510076D164 /* WKJavaScriptBridge-demo.app */;
			productType = "com.apple.product-type.application";
		};
/* End PBXNativeTarget section */

/* Begin PBXProject section */
		832F7C7B21B822510076D164 /* Project object */ = {
			isa = PBXProject;
			attributes = {
				LastUpgradeCheck = 1000;
				ORGANIZATIONNAME = "王凯";
				TargetAttributes = {
					832F7C8221B822510076D164 = {
						CreatedOnToolsVersion = 10.0;
					};
				};
			};
			buildConfigurationList = 832F7C7E21B822510076D164 /* Build configuration list for PBXProject "WKJavaScriptBridge-demo" */;
			compatibilityVersion = "Xcode 9.3";
			developmentRegion = en;
			hasScannedForEncodings = 0;
			knownRegions = (
				en,
				Base,
			);
			mainGroup = 832F7C7A21B822510076D164;
			productRefGroup = 832F7C8421B822510076D164 /* Products */;
			projectDirPath = "";
			projectRoot = "";
			targets = (
				832F7C8221B822510076D164 /* WKJavaScriptBridge-demo */,
			);
		};
/* End PBXProject section */

/* Begin PBXResourcesBuildPhase section */
		832F7C8121B822510076D164 /* Resources */ = {
			isa = PBXResourcesBuildPhase;
			buildActionMask = 2147483647;
			files = (
				0A0EE1D9235F1BBC002232BB /* WKJSBridge.js in Resources */,
				832F7C9321B822530076D164 /* LaunchScreen.storyboard in Resources */,
				832F7CB721B904C60076D164 /* index.html in Resources */,
				832F7C9021B822530076D164 /* Assets.xcassets in Resources */,
				832F7C8E21B822510076D164 /* Main.storyboard in Resources */,
			);
			runOnlyForDeploymentPostprocessing = 0;
		};
/* End PBXResourcesBuildPhase section */

/* Begin PBXShellScriptBuildPhase section */
		5AB00C0120B7CA52F9DDB898 /* [CP] Check Pods Manifest.lock */ = {
			isa = PBXShellScriptBuildPhase;
			buildActionMask = 2147483647;
			files = (
			);
			inputFileListPaths = (
			);
			inputPaths = (
				"${PODS_PODFILE_DIR_PATH}/Podfile.lock",
				"${PODS_ROOT}/Manifest.lock",
			);
			name = "[CP] Check Pods Manifest.lock";
			outputFileListPaths = (
			);
			outputPaths = (
				"$(DERIVED_FILE_DIR)/Pods-WKJavaScriptBridge-demo-checkManifestLockResult.txt",
			);
			runOnlyForDeploymentPostprocessing = 0;
			shellPath = /bin/sh;
			shellScript = "diff \"${PODS_PODFILE_DIR_PATH}/Podfile.lock\" \"${PODS_ROOT}/Manifest.lock\" > /dev/null\nif [ $? != 0 ] ; then\n    # print error to STDERR\n    echo \"error: The sandbox is not in sync with the Podfile.lock. Run 'pod install' or update your CocoaPods installation.\" >&2\n    exit 1\nfi\n# This output is used by Xcode 'outputs' to avoid re-running this script phase.\necho \"SUCCESS\" > \"${SCRIPT_OUTPUT_FILE_0}\"\n";
			showEnvVarsInLog = 0;
		};
/* End PBXShellScriptBuildPhase section */

/* Begin PBXSourcesBuildPhase section */
		832F7C7F21B822510076D164 /* Sources */ = {
			isa = PBXSourcesBuildPhase;
			buildActionMask = 2147483647;
			files = (
				0A9E4690225B2922003F6574 /* TestViewController.m in Sources */,
				832F7C8B21B822510076D164 /* ViewController.m in Sources */,
				0A0EE1C7235F10C4002232BB /* WKPluginResult.m in Sources */,
				0A0EE1B1235F0E77002232BB /* WKJavaScriptBridge.m in Sources */,
				0A0EE1D7235F12A5002232BB /* WKCommonPlugin.m in Sources */,
				0A0EE1BB235F0F87002232BB /* WKMsgCommand.m in Sources */,
				0A10882E2486237A00D7ECEE /* TestSecurityPlugin.m in Sources */,
				832F7C9621B822530076D164 /* main.m in Sources */,
				0A0EE1C2235F103E002232BB /* WKCommandImpl.m in Sources */,
				0A10882824861C0C00D7ECEE /* WKJavaScriptBridgePluginAnnotation.m in Sources */,
				0A9A3965226D940600D0DF43 /* TestWKWebViewController.m in Sources */,
				0A10883124862CA400D7ECEE /* TestPlugin.m in Sources */,
				832F7C8821B822510076D164 /* AppDelegate.m in Sources */,
				0A0EE1BF235F100B002232BB /* WKBasePlugin.m in Sources */,
				0A0EE1CD235F1152002232BB /* NSString+BridgeJSONPrivate.m in Sources */,
				0A0EE1D0235F117F002232BB /* WKWeakScriptMessageHandlerDelegate.m in Sources */,
				0A0EE1B8235F0F36002232BB /* WKJavaScriptMessageDispatcher.m in Sources */,
			);
			runOnlyForDeploymentPostprocessing = 0;
		};
/* End PBXSourcesBuildPhase section */

/* Begin PBXVariantGroup section */
		832F7C8C21B822510076D164 /* Main.storyboard */ = {
			isa = PBXVariantGroup;
			children = (
				832F7C8D21B822510076D164 /* Base */,
			);
			name = Main.storyboard;
			sourceTree = "<group>";
		};
		832F7C9121B822530076D164 /* LaunchScreen.storyboard */ = {
			isa = PBXVariantGroup;
			children = (
				832F7C9221B822530076D164 /* Base */,
			);
			name = LaunchScreen.storyboard;
			sourceTree = "<group>";
		};
/* End PBXVariantGroup section */

/* Begin XCBuildConfiguration section */
		832F7C9721B822530076D164 /* Debug */ = {
			isa = XCBuildConfiguration;
			buildSettings = {
				ALWAYS_SEARCH_USER_PATHS = NO;
				CLANG_ANALYZER_NONNULL = YES;
				CLANG_ANALYZER_NUMBER_OBJECT_CONVERSION = YES_AGGRESSIVE;
				CLANG_CXX_LANGUAGE_STANDARD = "gnu++14";
				CLANG_CXX_LIBRARY = "libc++";
				CLANG_ENABLE_MODULES = YES;
				CLANG_ENABLE_OBJC_ARC = YES;
				CLANG_ENABLE_OBJC_WEAK = YES;
				CLANG_WARN_BLOCK_CAPTURE_AUTORELEASING = YES;
				CLANG_WARN_BOOL_CONVERSION = YES;
				CLANG_WARN_COMMA = YES;
				CLANG_WARN_CONSTANT_CONVERSION = YES;
				CLANG_WARN_DEPRECATED_OBJC_IMPLEMENTATIONS = YES;
				CLANG_WARN_DIRECT_OBJC_ISA_USAGE = YES_ERROR;
				CLANG_WARN_DOCUMENTATION_COMMENTS = YES;
				CLANG_WARN_EMPTY_BODY = YES;
				CLANG_WARN_ENUM_CONVERSION = YES;
				CLANG_WARN_INFINITE_RECURSION = YES;
				CLANG_WARN_INT_CONVERSION = YES;
				CLANG_WARN_NON_LITERAL_NULL_CONVERSION = YES;
				CLANG_WARN_OBJC_IMPLICIT_RETAIN_SELF = YES;
				CLANG_WARN_OBJC_LITERAL_CONVERSION = YES;
				CLANG_WARN_OBJC_ROOT_CLASS = YES_ERROR;
				CLANG_WARN_RANGE_LOOP_ANALYSIS = YES;
				CLANG_WARN_STRICT_PROTOTYPES = YES;
				CLANG_WARN_SUSPICIOUS_MOVE = YES;
				CLANG_WARN_UNGUARDED_AVAILABILITY = YES_AGGRESSIVE;
				CLANG_WARN_UNREACHABLE_CODE = YES;
				CLANG_WARN__DUPLICATE_METHOD_MATCH = YES;
				CODE_SIGN_IDENTITY = "iPhone Developer";
				COPY_PHASE_STRIP = NO;
				DEBUG_INFORMATION_FORMAT = dwarf;
				ENABLE_STRICT_OBJC_MSGSEND = YES;
				ENABLE_TESTABILITY = YES;
				GCC_C_LANGUAGE_STANDARD = gnu11;
				GCC_DYNAMIC_NO_PIC = NO;
				GCC_NO_COMMON_BLOCKS = YES;
				GCC_OPTIMIZATION_LEVEL = 0;
				GCC_PREPROCESSOR_DEFINITIONS = (
					"DEBUG=1",
					"$(inherited)",
				);
				GCC_WARN_64_TO_32_BIT_CONVERSION = YES;
				GCC_WARN_ABOUT_RETURN_TYPE = YES_ERROR;
				GCC_WARN_UNDECLARED_SELECTOR = YES;
				GCC_WARN_UNINITIALIZED_AUTOS = YES_AGGRESSIVE;
				GCC_WARN_UNUSED_FUNCTION = YES;
				GCC_WARN_UNUSED_VARIABLE = YES;
				IPHONEOS_DEPLOYMENT_TARGET = 12.0;
				MTL_ENABLE_DEBUG_INFO = INCLUDE_SOURCE;
				MTL_FAST_MATH = YES;
				ONLY_ACTIVE_ARCH = YES;
				SDKROOT = iphoneos;
			};
			name = Debug;
		};
		832F7C9821B822530076D164 /* Release */ = {
			isa = XCBuildConfiguration;
			buildSettings = {
				ALWAYS_SEARCH_USER_PATHS = NO;
				CLANG_ANALYZER_NONNULL = YES;
				CLANG_ANALYZER_NUMBER_OBJECT_CONVERSION = YES_AGGRESSIVE;
				CLANG_CXX_LANGUAGE_STANDARD = "gnu++14";
				CLANG_CXX_LIBRARY = "libc++";
				CLANG_ENABLE_MODULES = YES;
				CLANG_ENABLE_OBJC_ARC = YES;
				CLANG_ENABLE_OBJC_WEAK = YES;
				CLANG_WARN_BLOCK_CAPTURE_AUTORELEASING = YES;
				CLANG_WARN_BOOL_CONVERSION = YES;
				CLANG_WARN_COMMA = YES;
				CLANG_WARN_CONSTANT_CONVERSION = YES;
				CLANG_WARN_DEPRECATED_OBJC_IMPLEMENTATIONS = YES;
				CLANG_WARN_DIRECT_OBJC_ISA_USAGE = YES_ERROR;
				CLANG_WARN_DOCUMENTATION_COMMENTS = YES;
				CLANG_WARN_EMPTY_BODY = YES;
				CLANG_WARN_ENUM_CONVERSION = YES;
				CLANG_WARN_INFINITE_RECURSION = YES;
				CLANG_WARN_INT_CONVERSION = YES;
				CLANG_WARN_NON_LITERAL_NULL_CONVERSION = YES;
				CLANG_WARN_OBJC_IMPLICIT_RETAIN_SELF = YES;
				CLANG_WARN_OBJC_LITERAL_CONVERSION = YES;
				CLANG_WARN_OBJC_ROOT_CLASS = YES_ERROR;
				CLANG_WARN_RANGE_LOOP_ANALYSIS = YES;
				CLANG_WARN_STRICT_PROTOTYPES = YES;
				CLANG_WARN_SUSPICIOUS_MOVE = YES;
				CLANG_WARN_UNGUARDED_AVAILABILITY = YES_AGGRESSIVE;
				CLANG_WARN_UNREACHABLE_CODE = YES;
				CLANG_WARN__DUPLICATE_METHOD_MATCH = YES;
				CODE_SIGN_IDENTITY = "iPhone Developer";
				COPY_PHASE_STRIP = NO;
				DEBUG_INFORMATION_FORMAT = "dwarf-with-dsym";
				ENABLE_NS_ASSERTIONS = NO;
				ENABLE_STRICT_OBJC_MSGSEND = YES;
				GCC_C_LANGUAGE_STANDARD = gnu11;
				GCC_NO_COMMON_BLOCKS = YES;
				GCC_WARN_64_TO_32_BIT_CONVERSION = YES;
				GCC_WARN_ABOUT_RETURN_TYPE = YES_ERROR;
				GCC_WARN_UNDECLARED_SELECTOR = YES;
				GCC_WARN_UNINITIALIZED_AUTOS = YES_AGGRESSIVE;
				GCC_WARN_UNUSED_FUNCTION = YES;
				GCC_WARN_UNUSED_VARIABLE = YES;
				IPHONEOS_DEPLOYMENT_TARGET = 12.0;
				MTL_ENABLE_DEBUG_INFO = NO;
				MTL_FAST_MATH = YES;
				SDKROOT = iphoneos;
				VALIDATE_PRODUCT = YES;
			};
			name = Release;
		};
		832F7C9A21B822530076D164 /* Debug */ = {
			isa = XCBuildConfiguration;
			baseConfigurationReference = 05DB13B25C25AB5F7DA35A90 /* Pods-WKJavaScriptBridge-demo.debug.xcconfig */;
			buildSettings = {
				ASSETCATALOG_COMPILER_APPICON_NAME = AppIcon;
				CODE_SIGN_STYLE = Automatic;
				DEVELOPMENT_TEAM = 929467FPP6;
				INFOPLIST_FILE = "WKJavaScriptBridge-demo/Info.plist";
				IPHONEOS_DEPLOYMENT_TARGET = 8.0;
				LD_RUNPATH_SEARCH_PATHS = (
					"$(inherited)",
					"@executable_path/Frameworks",
				);
				PRODUCT_BUNDLE_IDENTIFIER = "com.wangkai.responder.WKJavaScriptBridge-demo";
				PRODUCT_NAME = "$(TARGET_NAME)";
				TARGETED_DEVICE_FAMILY = "1,2";
			};
			name = Debug;
		};
		832F7C9B21B822530076D164 /* Release */ = {
			isa = XCBuildConfiguration;
			baseConfigurationReference = 29E50CB97F5DD0FD75EBAF15 /* Pods-WKJavaScriptBridge-demo.release.xcconfig */;
			buildSettings = {
				ASSETCATALOG_COMPILER_APPICON_NAME = AppIcon;
				CODE_SIGN_STYLE = Automatic;
				DEVELOPMENT_TEAM = 929467FPP6;
				INFOPLIST_FILE = "WKJavaScriptBridge-demo/Info.plist";
				IPHONEOS_DEPLOYMENT_TARGET = 8.0;
				LD_RUNPATH_SEARCH_PATHS = (
					"$(inherited)",
					"@executable_path/Frameworks",
				);
				PRODUCT_BUNDLE_IDENTIFIER = "com.wangkai.responder.WKJavaScriptBridge-demo";
				PRODUCT_NAME = "$(TARGET_NAME)";
				TARGETED_DEVICE_FAMILY = "1,2";
			};
			name = Release;
		};
/* End XCBuildConfiguration section */

/* Begin XCConfigurationList section */
		832F7C7E21B822510076D164 /* Build configuration list for PBXProject "WKJavaScriptBridge-demo" */ = {
			isa = XCConfigurationList;
			buildConfigurations = (
				832F7C9721B822530076D164 /* Debug */,
				832F7C9821B822530076D164 /* Release */,
			);
			defaultConfigurationIsVisible = 0;
			defaultConfigurationName = Release;
		};
		832F7C9921B822530076D164 /* Build configuration list for PBXNativeTarget "WKJavaScriptBridge-demo" */ = {
			isa = XCConfigurationList;
			buildConfigurations = (
				832F7C9A21B822530076D164 /* Debug */,
				832F7C9B21B822530076D164 /* Release */,
			);
			defaultConfigurationIsVisible = 0;
			defaultConfigurationName = Release;
		};
/* End XCConfigurationList section */
	};
	rootObject = 832F7C7B21B822510076D164 /* Project object */;
}
